
Microsoft Visual Studio Solution File, Format Version 12.00
# Visual Studio Version 16
VisualStudioVersion = 16.0.31105.61
MinimumVisualStudioVersion = 10.0.40219.1
Project("{9A19103F-16F7-4668-BE54-9A1E7A4F7556}") = "Music_Review_Application_GUI", "Music Review Application GUI\Music_Review_Application_GUI.csproj", "{AFF9DD5B-F585-4729-AFA8-D9554A83B431}"
EndProject
Project("{9A19103F-16F7-4668-BE54-9A1E7A4F7556}") = "Music_Review_Application_LIB", "Music Review Application LIB\Music_Review_Application_LIB.csproj", "{A70FD4BB-75B9-4DC0-B5F0-A8D34EAF2614}"
EndProject
Project("{FAE04EC0-301F-11D3-BF4B-00C04F79EFBC}") = "Music_Review_Application_Tests", "Music_Review_Application_Tests\Music_Review_Application_Tests.csproj", "{49759E43-A89F-4DB7-A0B2-01A8FD2B6EA0}"
EndProject
Global
	GlobalSection(SolutionConfigurationPlatforms) = preSolution
		Debug|Any CPU = Debug|Any CPU
		Release|Any CPU = Release|Any CPU
	EndGlobalSection
	GlobalSection(ProjectConfigurationPlatforms) = postSolution
		{AFF9DD5B-F585-4729-AFA8-D9554A83B431}.Debug|Any CPU.ActiveCfg = Debug|Any CPU
		{AFF9DD5B-F585-4729-AFA8-D9554A83B431}.Debug|Any CPU.Build.0 = Debug|Any CPU
		{AFF9DD5B-F585-4729-AFA8-D9554A83B431}.Release|Any CPU.ActiveCfg = Release|Any CPU
		{AFF9DD5B-F585-4729-AFA8-D9554A83B431}.Release|Any CPU.Build.0 = Release|Any CPU
		{A70FD4BB-75B9-4DC0-B5F0-A8D34EAF2614}.Debug|Any CPU.ActiveCfg = Debug|Any CPU
		{A70FD4BB-75B9-4DC0-B5F0-A8D34EAF2614}.Debug|Any CPU.Build.0 = Debug|Any CPU
		{A70FD4BB-75B9-4DC0-B5F0-A8D34EAF2614}.Release|Any CPU.ActiveCfg = Release|Any CPU
		{A70FD4BB-75B9-4DC0-B5F0-A8D34EAF2614}.Release|Any CPU.Build.0 = Release|Any CPU
		{49759E43-A89F-4DB7-A0B2-01A8FD2B6EA0}.Debug|Any CPU.ActiveCfg = Debug|Any CPU
		{49759E43-A89F-4DB7-A0B2-01A8FD2B6EA0}.Debug|Any CPU.Build.0 = Debug|Any CPU
		{49759E43-A89F-4DB7-A0B2-01A8FD2B6EA0}.Release|Any CPU.ActiveCfg = Release|Any CPU
		{49759E43-A89F-4DB7-A0B2-01A8FD2B6EA0}.Release|Any CPU.Build.0 = Release|Any CPU
	EndGlobalSection
	GlobalSection(SolutionProperties) = preSolution
		HideSolutionNode = FALSE
	EndGlobalSection
	GlobalSection(ExtensibilityGlobals) = postSolution
		SolutionGuid = {1FE7F1E8-468D-4E3F-B937-DD3F7906993D}
	EndGlobalSection
EndGlobal
